
Microsoft Visual Studio Solution File, Format Version 12.00
# Visual Studio 15
VisualStudioVersion = 15.0.28010.2036
MinimumVisualStudioVersion = 10.0.40219.1
Project("{9A19103F-16F7-4668-BE54-9A1E7A4F7556}") = "Service", "src\Service\Service.csproj", "{365EE29A-2894-46FB-8C0C-2DDB39C8A639}"
EndProject
Project("{2150E333-8FDC-42A3-9474-1A3956D46DE8}") = "src", "src", "{F4A0F142-5DE7-4D61-B4FD-5413C8F4BB9A}"
EndProject
Project("{FAE04EC0-301F-11D3-BF4B-00C04F79EFBC}") = "Common", "src\Common\Common.csproj", "{5BF6324F-8422-4BD6-ABF0-DFC9831D4612}"
EndProject
Project("{FAE04EC0-301F-11D3-BF4B-00C04F79EFBC}") = "DataAccess", "src\DataAccess\DataAccess.csproj", "{33547F16-F6D7-462E-9139-25C6298E5FDE}"
EndProject
Project("{2150E333-8FDC-42A3-9474-1A3956D46DE8}") = "test", "test", "{E124B00E-8B80-464E-9B68-93992F5C3289}"
EndProject
Project("{2150E333-8FDC-42A3-9474-1A3956D46DE8}") = "Unit", "Unit", "{182E7566-1E83-4546-B719-C72B6FDFA44F}"
EndProject
Project("{2150E333-8FDC-42A3-9474-1A3956D46DE8}") = "Integration", "Integration", "{CB454BB2-5FAE-45F3-813D-FC0C272DEB14}"
EndProject
Project("{FAE04EC0-301F-11D3-BF4B-00C04F79EFBC}") = "UnitTest", "test\Unit\UnitTest\UnitTest.csproj", "{C015D5FC-F8A1-4A0F-BC58-1E601629413F}"
EndProject
Global
	GlobalSection(SolutionConfigurationPlatforms) = preSolution
		Debug|Any CPU = Debug|Any CPU
		Release|Any CPU = Release|Any CPU
	EndGlobalSection
	GlobalSection(ProjectConfigurationPlatforms) = postSolution
		{365EE29A-2894-46FB-8C0C-2DDB39C8A639}.Debug|Any CPU.ActiveCfg = Debug|Any CPU
		{365EE29A-2894-46FB-8C0C-2DDB39C8A639}.Debug|Any CPU.Build.0 = Debug|Any CPU
		{365EE29A-2894-46FB-8C0C-2DDB39C8A639}.Release|Any CPU.ActiveCfg = Release|Any CPU
		{365EE29A-2894-46FB-8C0C-2DDB39C8A639}.Release|Any CPU.Build.0 = Release|Any CPU
		{5BF6324F-8422-4BD6-ABF0-DFC9831D4612}.Debug|Any CPU.ActiveCfg = Debug|Any CPU
		{5BF6324F-8422-4BD6-ABF0-DFC9831D4612}.Debug|Any CPU.Build.0 = Debug|Any CPU
		{5BF6324F-8422-4BD6-ABF0-DFC9831D4612}.Release|Any CPU.ActiveCfg = Release|Any CPU
		{5BF6324F-8422-4BD6-ABF0-DFC9831D4612}.Release|Any CPU.Build.0 = Release|Any CPU
		{33547F16-F6D7-462E-9139-25C6298E5FDE}.Debug|Any CPU.ActiveCfg = Debug|Any CPU
		{33547F16-F6D7-462E-9139-25C6298E5FDE}.Debug|Any CPU.Build.0 = Debug|Any CPU
		{33547F16-F6D7-462E-9139-25C6298E5FDE}.Release|Any CPU.ActiveCfg = Release|Any CPU
		{33547F16-F6D7-462E-9139-25C6298E5FDE}.Release|Any CPU.Build.0 = Release|Any CPU
		{C015D5FC-F8A1-4A0F-BC58-1E601629413F}.Debug|Any CPU.ActiveCfg = Debug|Any CPU
		{C015D5FC-F8A1-4A0F-BC58-1E601629413F}.Debug|Any CPU.Build.0 = Debug|Any CPU
		{C015D5FC-F8A1-4A0F-BC58-1E601629413F}.Release|Any CPU.ActiveCfg = Release|Any CPU
		{C015D5FC-F8A1-4A0F-BC58-1E601629413F}.Release|Any CPU.Build.0 = Release|Any CPU
	EndGlobalSection
	GlobalSection(SolutionProperties) = preSolution
		HideSolutionNode = FALSE
	EndGlobalSection
	GlobalSection(NestedProjects) = preSolution
		{365EE29A-2894-46FB-8C0C-2DDB39C8A639} = {F4A0F142-5DE7-4D61-B4FD-5413C8F4BB9A}
		{5BF6324F-8422-4BD6-ABF0-DFC9831D4612} = {F4A0F142-5DE7-4D61-B4FD-5413C8F4BB9A}
		{33547F16-F6D7-462E-9139-25C6298E5FDE} = {F4A0F142-5DE7-4D61-B4FD-5413C8F4BB9A}
		{182E7566-1E83-4546-B719-C72B6FDFA44F} = {E124B00E-8B80-464E-9B68-93992F5C3289}
		{CB454BB2-5FAE-45F3-813D-FC0C272DEB14} = {E124B00E-8B80-464E-9B68-93992F5C3289}
		{C015D5FC-F8A1-4A0F-BC58-1E601629413F} = {182E7566-1E83-4546-B719-C72B6FDFA44F}
	EndGlobalSection
	GlobalSection(ExtensibilityGlobals) = postSolution
		SolutionGuid = {FD150812-73F3-4ABF-B665-0E960D13DC39}
	EndGlobalSection
EndGlobal
